// !$*UTF8*$!
{
	archiveVersion = 1;
	classes = {
	};
	objectVersion = 50;
	objects = {

/* Begin PBXBuildFile section */
		2E68482220CBBC6F007D0CC1 /* AppDelegate.swift in Sources */ = {isa = PBXBuildFile; fileRef = 2E68482120CBBC6F007D0CC1 /* AppDelegate.swift */; };
		2E68482420CBBC6F007D0CC1 /* ViewController.swift in Sources */ = {isa = PBXBuildFile; fileRef = 2E68482320CBBC6F007D0CC1 /* ViewController.swift */; };
		2E68482720CBBC6F007D0CC1 /* Main.storyboard in Resources */ = {isa = PBXBuildFile; fileRef = 2E68482520CBBC6F007D0CC1 /* Main.storyboard */; };
		2E68482A20CBBC6F007D0CC1 /* effecter.xcdatamodeld in Sources */ = {isa = PBXBuildFile; fileRef = 2E68482820CBBC6F007D0CC1 /* effecter.xcdatamodeld */; };
		2E68482C20CBBC75007D0CC1 /* Assets.xcassets in Resources */ = {isa = PBXBuildFile; fileRef = 2E68482B20CBBC75007D0CC1 /* Assets.xcassets */; };
		2E68482F20CBBC75007D0CC1 /* LaunchScreen.storyboard in Resources */ = {isa = PBXBuildFile; fileRef = 2E68482D20CBBC75007D0CC1 /* LaunchScreen.storyboard */; };
		2E68483A20CBBC75007D0CC1 /* effecterTests.swift in Sources */ = {isa = PBXBuildFile; fileRef = 2E68483920CBBC75007D0CC1 /* effecterTests.swift */; };
		2E68484520CBBC75007D0CC1 /* effecterUITests.swift in Sources */ = {isa = PBXBuildFile; fileRef = 2E68484420CBBC75007D0CC1 /* effecterUITests.swift */; };
/* End PBXBuildFile section */

/* Begin PBXContainerItemProxy section */
		2E68483620CBBC75007D0CC1 /* PBXContainerItemProxy */ = {
			isa = PBXContainerItemProxy;
			containerPortal = 2E68481620CBBC6F007D0CC1 /* Project object */;
			proxyType = 1;
			remoteGlobalIDString = 2E68481D20CBBC6F007D0CC1;
			remoteInfo = effecter;
		};
		2E68484120CBBC75007D0CC1 /* PBXContainerItemProxy */ = {
			isa = PBXContainerItemProxy;
			containerPortal = 2E68481620CBBC6F007D0CC1 /* Project object */;
			proxyType = 1;
			remoteGlobalIDString = 2E68481D20CBBC6F007D0CC1;
			remoteInfo = effecter;
		};
/* End PBXContainerItemProxy section */

/* Begin PBXFileReference section */
		2E68481E20CBBC6F007D0CC1 /* effecter.app */ = {isa = PBXFileReference; explicitFileType = wrapper.application; includeInIndex = 0; path = effecter.app; sourceTree = BUILT_PRODUCTS_DIR; };
		2E68482120CBBC6F007D0CC1 /* AppDelegate.swift */ = {isa = PBXFileReference; lastKnownFileType = sourcecode.swift; path = AppDelegate.swift; sourceTree = "<group>"; };
		2E68482320CBBC6F007D0CC1 /* ViewController.swift */ = {isa = PBXFileReference; lastKnownFileType = sourcecode.swift; path = ViewController.swift; sourceTree = "<group>"; };
		2E68482620CBBC6F007D0CC1 /* Base */ = {isa = PBXFileReference; lastKnownFileType = file.storyboard; name = Base; path = Base.lproj/Main.storyboard; sourceTree = "<group>"; };
		2E68482920CBBC6F007D0CC1 /* effecter.xcdatamodel */ = {isa = PBXFileReference; lastKnownFileType = wrapper.xcdatamodel; path = effecter.xcdatamodel; sourceTree = "<group>"; };
		2E68482B20CBBC75007D0CC1 /* Assets.xcassets */ = {isa = PBXFileReference; lastKnownFileType = folder.assetcatalog; path = Assets.xcassets; sourceTree = "<group>"; };
		2E68482E20CBBC75007D0CC1 /* Base */ = {isa = PBXFileReference; lastKnownFileType = file.storyboard; name = Base; path = Base.lproj/LaunchScreen.storyboard; sourceTree = "<group>"; };
		2E68483020CBBC75007D0CC1 /* Info.plist */ = {isa = PBXFileReference; lastKnownFileType = text.plist.xml; path = Info.plist; sourceTree = "<group>"; };
		2E68483520CBBC75007D0CC1 /* effecterTests.xctest */ = {isa = PBXFileReference; explicitFileType = wrapper.cfbundle; includeInIndex = 0; path = effecterTests.xctest; sourceTree = BUILT_PRODUCTS_DIR; };
		2E68483920CBBC75007D0CC1 /* effecterTests.swift */ = {isa = PBXFileReference; lastKnownFileType = sourcecode.swift; path = effecterTests.swift; sourceTree = "<group>"; };
		2E68483B20CBBC75007D0CC1 /* Info.plist */ = {isa = PBXFileReference; lastKnownFileType = text.plist.xml; path = Info.plist; sourceTree = "<group>"; };
		2E68484020CBBC75007D0CC1 /* effecterUITests.xctest */ = {isa = PBXFileReference; explicitFileType = wrapper.cfbundle; includeInIndex = 0; path = effecterUITests.xctest; sourceTree = BUILT_PRODUCTS_DIR; };
		2E68484420CBBC75007D0CC1 /* effecterUITests.swift */ = {isa = PBXFileReference; lastKnownFileType = sourcecode.swift; path = effecterUITests.swift; sourceTree = "<group>"; };
		2E68484620CBBC75007D0CC1 /* Info.plist */ = {isa = PBXFileReference; lastKnownFileType = text.plist.xml; path = Info.plist; sourceTree = "<group>"; };
/* End PBXFileReference section */

/* Begin PBXFrameworksBuildPhase section */
		2E68481B20CBBC6F007D0CC1 /* Frameworks */ = {
			isa = PBXFrameworksBuildPhase;
			buildActionMask = 2147483647;
			files = (
			);
			runOnlyForDeploymentPostprocessing = 0;
		};
		2E68483220CBBC75007D0CC1 /* Frameworks */ = {
			isa = PBXFrameworksBuildPhase;
			buildActionMask = 2147483647;
			files = (
			);
			runOnlyForDeploymentPostprocessing = 0;
		};
		2E68483D20CBBC75007D0CC1 /* Frameworks */ = {
			isa = PBXFrameworksBuildPhase;
			buildActionMask = 2147483647;
			files = (
			);
			runOnlyForDeploymentPostprocessing = 0;
		};
/* End PBXFrameworksBuildPhase section */

/* Begin PBXGroup section */
		2E68481520CBBC6F007D0CC1 = {
			isa = PBXGroup;
			children = (
				2E68482020CBBC6F007D0CC1 /* effecter */,
				2E68483820CBBC75007D0CC1 /* effecterTests */,
				2E68484320CBBC75007D0CC1 /* effecterUITests */,
				2E68481F20CBBC6F007D0CC1 /* Products */,
			);
			sourceTree = "<group>";
		};
		2E68481F20CBBC6F007D0CC1 /* Products */ = {
			isa = PBXGroup;
			children = (
				2E68481E20CBBC6F007D0CC1 /* effecter.app */,
				2E68483520CBBC75007D0CC1 /* effecterTests.xctest */,
				2E68484020CBBC75007D0CC1 /* effecterUITests.xctest */,
			);
			name = Products;
			sourceTree = "<group>";
		};
		2E68482020CBBC6F007D0CC1 /* effecter */ = {
			isa = PBXGroup;
			children = (
				2E68482120CBBC6F007D0CC1 /* AppDelegate.swift */,
				2E68482320CBBC6F007D0CC1 /* ViewController.swift */,
				2E68482520CBBC6F007D0CC1 /* Main.storyboard */,
				2E68482B20CBBC75007D0CC1 /* Assets.xcassets */,
				2E68482D20CBBC75007D0CC1 /* LaunchScreen.storyboard */,
				2E68483020CBBC75007D0CC1 /* Info.plist */,
				2E68482820CBBC6F007D0CC1 /* effecter.xcdatamodeld */,
			);
			path = effecter;
			sourceTree = "<group>";
		};
		2E68483820CBBC75007D0CC1 /* effecterTests */ = {
			isa = PBXGroup;
			children = (
				2E68483920CBBC75007D0CC1 /* effecterTests.swift */,
				2E68483B20CBBC75007D0CC1 /* Info.plist */,
			);
			path = effecterTests;
			sourceTree = "<group>";
		};
		2E68484320CBBC75007D0CC1 /* effecterUITests */ = {
			isa = PBXGroup;
			children = (
				2E68484420CBBC75007D0CC1 /* effecterUITests.swift */,
				2E68484620CBBC75007D0CC1 /* Info.plist */,
			);
			path = effecterUITests;
			sourceTree = "<group>";
		};
/* End PBXGroup section */

/* Begin PBXNativeTarget section */
		2E68481D20CBBC6F007D0CC1 /* effecter */ = {
			isa = PBXNativeTarget;
			buildConfigurationList = 2E68484920CBBC75007D0CC1 /* Build configuration list for PBXNativeTarget "effecter" */;
			buildPhases = (
				2E68481A20CBBC6F007D0CC1 /* Sources */,
				2E68481B20CBBC6F007D0CC1 /* Frameworks */,
				2E68481C20CBBC6F007D0CC1 /* Resources */,
			);
			buildRules = (
			);
			dependencies = (
			);
			name = effecter;
			productName = effecter;
			productReference = 2E68481E20CBBC6F007D0CC1 /* effecter.app */;
			productType = "com.apple.product-type.application";
		};
		2E68483420CBBC75007D0CC1 /* effecterTests */ = {
			isa = PBXNativeTarget;
			buildConfigurationList = 2E68484C20CBBC75007D0CC1 /* Build configuration list for PBXNativeTarget "effecterTests" */;
			buildPhases = (
				2E68483120CBBC75007D0CC1 /* Sources */,
				2E68483220CBBC75007D0CC1 /* Frameworks */,
				2E68483320CBBC75007D0CC1 /* Resources */,
			);
			buildRules = (
			);
			dependencies = (
				2E68483720CBBC75007D0CC1 /* PBXTargetDependency */,
			);
			name = effecterTests;
			productName = effecterTests;
			productReference = 2E68483520CBBC75007D0CC1 /* effecterTests.xctest */;
			productType = "com.apple.product-type.bundle.unit-test";
		};
		2E68483F20CBBC75007D0CC1 /* effecterUITests */ = {
			isa = PBXNativeTarget;
			buildConfigurationList = 2E68484F20CBBC75007D0CC1 /* Build configuration list for PBXNativeTarget "effecterUITests" */;
			buildPhases = (
				2E68483C20CBBC75007D0CC1 /* Sources */,
				2E68483D20CBBC75007D0CC1 /* Frameworks */,
				2E68483E20CBBC75007D0CC1 /* Resources */,
			);
			buildRules = (
			);
			dependencies = (
				2E68484220CBBC75007D0CC1 /* PBXTargetDependency */,
			);
			name = effecterUITests;
			productName = effecterUITests;
			productReference = 2E68484020CBBC75007D0CC1 /* effecterUITests.xctest */;
			productType = "com.apple.product-type.bundle.ui-testing";
		};
/* End PBXNativeTarget section */

/* Begin PBXProject section */
		2E68481620CBBC6F007D0CC1 /* Project object */ = {
			isa = PBXProject;
			attributes = {
				LastSwiftUpdateCheck = 0940;
				LastUpgradeCheck = 0940;
				ORGANIZATIONNAME = "柊斗 中村";
				TargetAttributes = {
					2E68481D20CBBC6F007D0CC1 = {
						CreatedOnToolsVersion = 9.4;
					};
					2E68483420CBBC75007D0CC1 = {
						CreatedOnToolsVersion = 9.4;
						TestTargetID = 2E68481D20CBBC6F007D0CC1;
					};
					2E68483F20CBBC75007D0CC1 = {
						CreatedOnToolsVersion = 9.4;
						TestTargetID = 2E68481D20CBBC6F007D0CC1;
					};
				};
			};
			buildConfigurationList = 2E68481920CBBC6F007D0CC1 /* Build configuration list for PBXProject "effecter" */;
			compatibilityVersion = "Xcode 9.3";
			developmentRegion = en;
			hasScannedForEncodings = 0;
			knownRegions = (
				en,
				Base,
			);
			mainGroup = 2E68481520CBBC6F007D0CC1;
			productRefGroup = 2E68481F20CBBC6F007D0CC1 /* Products */;
			projectDirPath = "";
			projectRoot = "";
			targets = (
				2E68481D20CBBC6F007D0CC1 /* effecter */,
				2E68483420CBBC75007D0CC1 /* effecterTests */,
				2E68483F20CBBC75007D0CC1 /* effecterUITests */,
			);
		};
/* End PBXProject section */

/* Begin PBXResourcesBuildPhase section */
		2E68481C20CBBC6F007D0CC1 /* Resources */ = {
			isa = PBXResourcesBuildPhase;
			buildActionMask = 2147483647;
			files = (
				2E68482F20CBBC75007D0CC1 /* LaunchScreen.storyboard in Resources */,
				2E68482C20CBBC75007D0CC1 /* Assets.xcassets in Resources */,
				2E68482720CBBC6F007D0CC1 /* Main.storyboard in Resources */,
			);
			runOnlyForDeploymentPostprocessing = 0;
		};
		2E68483320CBBC75007D0CC1 /* Resources */ = {
			isa = PBXResourcesBuildPhase;
			buildActionMask = 2147483647;
			files = (
			);
			runOnlyForDeploymentPostprocessing = 0;
		};
		2E68483E20CBBC75007D0CC1 /* Resources */ = {
			isa = PBXResourcesBuildPhase;
			buildActionMask = 2147483647;
			files = (
			);
			runOnlyForDeploymentPostprocessing = 0;
		};
/* End PBXResourcesBuildPhase section */

/* Begin PBXSourcesBuildPhase section */
		2E68481A20CBBC6F007D0CC1 /* Sources */ = {
			isa = PBXSourcesBuildPhase;
			buildActionMask = 2147483647;
			files = (
				2E68482420CBBC6F007D0CC1 /* ViewController.swift in Sources */,
				2E68482A20CBBC6F007D0CC1 /* effecter.xcdatamodeld in Sources */,
				2E68482220CBBC6F007D0CC1 /* AppDelegate.swift in Sources */,
			);
			runOnlyForDeploymentPostprocessing = 0;
		};
		2E68483120CBBC75007D0CC1 /* Sources */ = {
			isa = PBXSourcesBuildPhase;
			buildActionMask = 2147483647;
			files = (
				2E68483A20CBBC75007D0CC1 /* effecterTests.swift in Sources */,
			);
			runOnlyForDeploymentPostprocessing = 0;
		};
		2E68483C20CBBC75007D0CC1 /* Sources */ = {
			isa = PBXSourcesBuildPhase;
			buildActionMask = 2147483647;
			files = (
				2E68484520CBBC75007D0CC1 /* effecterUITests.swift in Sources */,
			);
			runOnlyForDeploymentPostprocessing = 0;
		};
/* End PBXSourcesBuildPhase section */

/* Begin PBXTargetDependency section */
		2E68483720CBBC75007D0CC1 /* PBXTargetDependency */ = {
			isa = PBXTargetDependency;
			target = 2E68481D20CBBC6F007D0CC1 /* effecter */;
			targetProxy = 2E68483620CBBC75007D0CC1 /* PBXContainerItemProxy */;
		};
		2E68484220CBBC75007D0CC1 /* PBXTargetDependency */ = {
			isa = PBXTargetDependency;
			target = 2E68481D20CBBC6F007D0CC1 /* effecter */;
			targetProxy = 2E68484120CBBC75007D0CC1 /* PBXContainerItemProxy */;
		};
/* End PBXTargetDependency section */

/* Begin PBXVariantGroup section */
		2E68482520CBBC6F007D0CC1 /* Main.storyboard */ = {
			isa = PBXVariantGroup;
			children = (
				2E68482620CBBC6F007D0CC1 /* Base */,
			);
			name = Main.storyboard;
			sourceTree = "<group>";
		};
		2E68482D20CBBC75007D0CC1 /* LaunchScreen.storyboard */ = {
			isa = PBXVariantGroup;
			children = (
				2E68482E20CBBC75007D0CC1 /* Base */,
			);
			name = LaunchScreen.storyboard;
			sourceTree = "<group>";
		};
/* End PBXVariantGroup section */

/* Begin XCBuildConfiguration section */
		2E68484720CBBC75007D0CC1 /* Debug */ = {
			isa = XCBuildConfiguration;
			buildSettings = {
				ALWAYS_SEARCH_USER_PATHS = NO;
				CLANG_ANALYZER_NONNULL = YES;
				CLANG_ANALYZER_NUMBER_OBJECT_CONVERSION = YES_AGGRESSIVE;
				CLANG_CXX_LANGUAGE_STANDARD = "gnu++14";
				CLANG_CXX_LIBRARY = "libc++";
				CLANG_ENABLE_MODULES = YES;
				CLANG_ENABLE_OBJC_ARC = YES;
				CLANG_ENABLE_OBJC_WEAK = YES;
				CLANG_WARN_BLOCK_CAPTURE_AUTORELEASING = YES;
				CLANG_WARN_BOOL_CONVERSION = YES;
				CLANG_WARN_COMMA = YES;
				CLANG_WARN_CONSTANT_CONVERSION = YES;
				CLANG_WARN_DEPRECATED_OBJC_IMPLEMENTATIONS = YES;
				CLANG_WARN_DIRECT_OBJC_ISA_USAGE = YES_ERROR;
				CLANG_WARN_DOCUMENTATION_COMMENTS = YES;
				CLANG_WARN_EMPTY_BODY = YES;
				CLANG_WARN_ENUM_CONVERSION = YES;
				CLANG_WARN_INFINITE_RECURSION = YES;
				CLANG_WARN_INT_CONVERSION = YES;
				CLANG_WARN_NON_LITERAL_NULL_CONVERSION = YES;
				CLANG_WARN_OBJC_IMPLICIT_RETAIN_SELF = YES;
				CLANG_WARN_OBJC_LITERAL_CONVERSION = YES;
				CLANG_WARN_OBJC_ROOT_CLASS = YES_ERROR;
				CLANG_WARN_RANGE_LOOP_ANALYSIS = YES;
				CLANG_WARN_STRICT_PROTOTYPES = YES;
				CLANG_WARN_SUSPICIOUS_MOVE = YES;
				CLANG_WARN_UNGUARDED_AVAILABILITY = YES_AGGRESSIVE;
				CLANG_WARN_UNREACHABLE_CODE = YES;
				CLANG_WARN__DUPLICATE_METHOD_MATCH = YES;
				CODE_SIGN_IDENTITY = "iPhone Developer";
				COPY_PHASE_STRIP = NO;
				DEBUG_INFORMATION_FORMAT = dwarf;
				ENABLE_STRICT_OBJC_MSGSEND = YES;
				ENABLE_TESTABILITY = YES;
				GCC_C_LANGUAGE_STANDARD = gnu11;
				GCC_DYNAMIC_NO_PIC = NO;
				GCC_NO_COMMON_BLOCKS = YES;
				GCC_OPTIMIZATION_LEVEL = 0;
				GCC_PREPROCESSOR_DEFINITIONS = (
					"DEBUG=1",
					"$(inherited)",
				);
				GCC_WARN_64_TO_32_BIT_CONVERSION = YES;
				GCC_WARN_ABOUT_RETURN_TYPE = YES_ERROR;
				GCC_WARN_UNDECLARED_SELECTOR = YES;
				GCC_WARN_UNINITIALIZED_AUTOS = YES_AGGRESSIVE;
				GCC_WARN_UNUSED_FUNCTION = YES;
				GCC_WARN_UNUSED_VARIABLE = YES;
				IPHONEOS_DEPLOYMENT_TARGET = 11.4;
				MTL_ENABLE_DEBUG_INFO = YES;
				ONLY_ACTIVE_ARCH = YES;
				SDKROOT = iphoneos;
				SWIFT_ACTIVE_COMPILATION_CONDITIONS = DEBUG;
				SWIFT_OPTIMIZATION_LEVEL = "-Onone";
			};
			name = Debug;
		};
		2E68484820CBBC75007D0CC1 /* Release */ = {
			isa = XCBuildConfiguration;
			buildSettings = {
				ALWAYS_SEARCH_USER_PATHS = NO;
				CLANG_ANALYZER_NONNULL = YES;
				CLANG_ANALYZER_NUMBER_OBJECT_CONVERSION = YES_AGGRESSIVE;
				CLANG_CXX_LANGUAGE_STANDARD = "gnu++14";
				CLANG_CXX_LIBRARY = "libc++";
				CLANG_ENABLE_MODULES = YES;
				CLANG_ENABLE_OBJC_ARC = YES;
				CLANG_ENABLE_OBJC_WEAK = YES;
				CLANG_WARN_BLOCK_CAPTURE_AUTORELEASING = YES;
				CLANG_WARN_BOOL_CONVERSION = YES;
				CLANG_WARN_COMMA = YES;
				CLANG_WARN_CONSTANT_CONVERSION = YES;
				CLANG_WARN_DEPRECATED_OBJC_IMPLEMENTATIONS = YES;
				CLANG_WARN_DIRECT_OBJC_ISA_USAGE = YES_ERROR;
				CLANG_WARN_DOCUMENTATION_COMMENTS = YES;
				CLANG_WARN_EMPTY_BODY = YES;
				CLANG_WARN_ENUM_CONVERSION = YES;
				CLANG_WARN_INFINITE_RECURSION = YES;
				CLANG_WARN_INT_CONVERSION = YES;
				CLANG_WARN_NON_LITERAL_NULL_CONVERSION = YES;
				CLANG_WARN_OBJC_IMPLICIT_RETAIN_SELF = YES;
				CLANG_WARN_OBJC_LITERAL_CONVERSION = YES;
				CLANG_WARN_OBJC_ROOT_CLASS = YES_ERROR;
				CLANG_WARN_RANGE_LOOP_ANALYSIS = YES;
				CLANG_WARN_STRICT_PROTOTYPES = YES;
				CLANG_WARN_SUSPICIOUS_MOVE = YES;
				CLANG_WARN_UNGUARDED_AVAILABILITY = YES_AGGRESSIVE;
				CLANG_WARN_UNREACHABLE_CODE = YES;
				CLANG_WARN__DUPLICATE_METHOD_MATCH = YES;
				CODE_SIGN_IDENTITY = "iPhone Developer";
				COPY_PHASE_STRIP = NO;
				DEBUG_INFORMATION_FORMAT = "dwarf-with-dsym";
				ENABLE_NS_ASSERTIONS = NO;
				ENABLE_STRICT_OBJC_MSGSEND = YES;
				GCC_C_LANGUAGE_STANDARD = gnu11;
				GCC_NO_COMMON_BLOCKS = YES;
				GCC_WARN_64_TO_32_BIT_CONVERSION = YES;
				GCC_WARN_ABOUT_RETURN_TYPE = YES_ERROR;
				GCC_WARN_UNDECLARED_SELECTOR = YES;
				GCC_WARN_UNINITIALIZED_AUTOS = YES_AGGRESSIVE;
				GCC_WARN_UNUSED_FUNCTION = YES;
				GCC_WARN_UNUSED_VARIABLE = YES;
				IPHONEOS_DEPLOYMENT_TARGET = 11.4;
				MTL_ENABLE_DEBUG_INFO = NO;
				SDKROOT = iphoneos;
				SWIFT_COMPILATION_MODE = wholemodule;
				SWIFT_OPTIMIZATION_LEVEL = "-O";
				VALIDATE_PRODUCT = YES;
			};
			name = Release;
		};
		2E68484A20CBBC75007D0CC1 /* Debug */ = {
			isa = XCBuildConfiguration;
			buildSettings = {
				ASSETCATALOG_COMPILER_APPICON_NAME = AppIcon;
				CODE_SIGN_STYLE = Automatic;
				DEVELOPMENT_TEAM = U6NCNGZW3F;
				INFOPLIST_FILE = effecter/Info.plist;
				LD_RUNPATH_SEARCH_PATHS = (
					"$(inherited)",
					"@executable_path/Frameworks",
				);
				PRODUCT_BUNDLE_IDENTIFIER = com.nakamurashuto.effecter;
				PRODUCT_NAME = "$(TARGET_NAME)";
				SWIFT_VERSION = 4.0;
				TARGETED_DEVICE_FAMILY = "1,2";
			};
			name = Debug;
		};
		2E68484B20CBBC75007D0CC1 /* Release */ = {
			isa = XCBuildConfiguration;
			buildSettings = {
				ASSETCATALOG_COMPILER_APPICON_NAME = AppIcon;
				CODE_SIGN_STYLE = Automatic;
				DEVELOPMENT_TEAM = U6NCNGZW3F;
				INFOPLIST_FILE = effecter/Info.plist;
				LD_RUNPATH_SEARCH_PATHS = (
					"$(inherited)",
					"@executable_path/Frameworks",
				);
				PRODUCT_BUNDLE_IDENTIFIER = com.nakamurashuto.effecter;
				PRODUCT_NAME = "$(TARGET_NAME)";
				SWIFT_VERSION = 4.0;
				TARGETED_DEVICE_FAMILY = "1,2";
			};
			name = Release;
		};
		2E68484D20CBBC75007D0CC1 /* Debug */ = {
			isa = XCBuildConfiguration;
			buildSettings = {
				ALWAYS_EMBED_SWIFT_STANDARD_LIBRARIES = YES;
				BUNDLE_LOADER = "$(TEST_HOST)";
				CODE_SIGN_STYLE = Automatic;
				DEVELOPMENT_TEAM = U6NCNGZW3F;
				INFOPLIST_FILE = effecterTests/Info.plist;
				LD_RUNPATH_SEARCH_PATHS = (
					"$(inherited)",
					"@executable_path/Frameworks",
					"@loader_path/Frameworks",
				);
				PRODUCT_BUNDLE_IDENTIFIER = com.nakamurashuto.effecterTests;
				PRODUCT_NAME = "$(TARGET_NAME)";
				SWIFT_VERSION = 4.0;
				TARGETED_DEVICE_FAMILY = "1,2";
				TEST_HOST = "$(BUILT_PRODUCTS_DIR)/effecter.app/effecter";
			};
			name = Debug;
		};
		2E68484E20CBBC75007D0CC1 /* Release */ = {
			isa = XCBuildConfiguration;
			buildSettings = {
				ALWAYS_EMBED_SWIFT_STANDARD_LIBRARIES = YES;
				BUNDLE_LOADER = "$(TEST_HOST)";
				CODE_SIGN_STYLE = Automatic;
				DEVELOPMENT_TEAM = U6NCNGZW3F;
				INFOPLIST_FILE = effecterTests/Info.plist;
				LD_RUNPATH_SEARCH_PATHS = (
					"$(inherited)",
					"@executable_path/Frameworks",
					"@loader_path/Frameworks",
				);
				PRODUCT_BUNDLE_IDENTIFIER = com.nakamurashuto.effecterTests;
				PRODUCT_NAME = "$(TARGET_NAME)";
				SWIFT_VERSION = 4.0;
				TARGETED_DEVICE_FAMILY = "1,2";
				TEST_HOST = "$(BUILT_PRODUCTS_DIR)/effecter.app/effecter";
			};
			name = Release;
		};
		2E68485020CBBC75007D0CC1 /* Debug */ = {
			isa = XCBuildConfiguration;
			buildSettings = {
				ALWAYS_EMBED_SWIFT_STANDARD_LIBRARIES = YES;
				CODE_SIGN_STYLE = Automatic;
				DEVELOPMENT_TEAM = U6NCNGZW3F;
				INFOPLIST_FILE = effecterUITests/Info.plist;
				LD_RUNPATH_SEARCH_PATHS = (
					"$(inherited)",
					"@executable_path/Frameworks",
					"@loader_path/Frameworks",
				);
				PRODUCT_BUNDLE_IDENTIFIER = com.nakamurashuto.effecterUITests;
				PRODUCT_NAME = "$(TARGET_NAME)";
				SWIFT_VERSION = 4.0;
				TARGETED_DEVICE_FAMILY = "1,2";
				TEST_TARGET_NAME = effecter;
			};
			name = Debug;
		};
		2E68485120CBBC75007D0CC1 /* Release */ = {
			isa = XCBuildConfiguration;
			buildSettings = {
				ALWAYS_EMBED_SWIFT_STANDARD_LIBRARIES = YES;
				CODE_SIGN_STYLE = Automatic;
				DEVELOPMENT_TEAM = U6NCNGZW3F;
				INFOPLIST_FILE = effecterUITests/Info.plist;
				LD_RUNPATH_SEARCH_PATHS = (
					"$(inherited)",
					"@executable_path/Frameworks",
					"@loader_path/Frameworks",
				);
				PRODUCT_BUNDLE_IDENTIFIER = com.nakamurashuto.effecterUITests;
				PRODUCT_NAME = "$(TARGET_NAME)";
				SWIFT_VERSION = 4.0;
				TARGETED_DEVICE_FAMILY = "1,2";
				TEST_TARGET_NAME = effecter;
			};
			name = Release;
		};
/* End XCBuildConfiguration section */

/* Begin XCConfigurationList section */
		2E68481920CBBC6F007D0CC1 /* Build configuration list for PBXProject "effecter" */ = {
			isa = XCConfigurationList;
			buildConfigurations = (
				2E68484720CBBC75007D0CC1 /* Debug */,
				2E68484820CBBC75007D0CC1 /* Release */,
			);
			defaultConfigurationIsVisible = 0;
			defaultConfigurationName = Release;
		};
		2E68484920CBBC75007D0CC1 /* Build configuration list for PBXNativeTarget "effecter" */ = {
			isa = XCConfigurationList;
			buildConfigurations = (
				2E68484A20CBBC75007D0CC1 /* Debug */,
				2E68484B20CBBC75007D0CC1 /* Release */,
			);
			defaultConfigurationIsVisible = 0;
			defaultConfigurationName = Release;
		};
		2E68484C20CBBC75007D0CC1 /* Build configuration list for PBXNativeTarget "effecterTests" */ = {
			isa = XCConfigurationList;
			buildConfigurations = (
				2E68484D20CBBC75007D0CC1 /* Debug */,
				2E68484E20CBBC75007D0CC1 /* Release */,
			);
			defaultConfigurationIsVisible = 0;
			defaultConfigurationName = Release;
		};
		2E68484F20CBBC75007D0CC1 /* Build configuration list for PBXNativeTarget "effecterUITests" */ = {
			isa = XCConfigurationList;
			buildConfigurations = (
				2E68485020CBBC75007D0CC1 /* Debug */,
				2E68485120CBBC75007D0CC1 /* Release */,
			);
			defaultConfigurationIsVisible = 0;
			defaultConfigurationName = Release;
		};
/* End XCConfigurationList section */

/* Begin XCVersionGroup section */
		2E68482820CBBC6F007D0CC1 /* effecter.xcdatamodeld */ = {
			isa = XCVersionGroup;
			children = (
				2E68482920CBBC6F007D0CC1 /* effecter.xcdatamodel */,
			);
			currentVersion = 2E68482920CBBC6F007D0CC1 /* effecter.xcdatamodel */;
			path = effecter.xcdatamodeld;
			sourceTree = "<group>";
			versionGroupType = wrapper.xcdatamodel;
		};
/* End XCVersionGroup section */
	};
	rootObject = 2E68481620CBBC6F007D0CC1 /* Project object */;
}
